// !$*UTF8*$!
{
	archiveVersion = 1;
	classes = {
	};
	objectVersion = 55;
	objects = {

/* Begin PBXBuildFile section */
		69301511294FA82300B2513A /* FacebookCore in Frameworks */ = {isa = PBXBuildFile; productRef = 69301510294FA82300B2513A /* FacebookCore */; };
		69301513294FA82300B2513A /* FacebookGamingServices in Frameworks */ = {isa = PBXBuildFile; productRef = 69301512294FA82300B2513A /* FacebookGamingServices */; };
		69301515294FA82300B2513A /* FacebookLogin in Frameworks */ = {isa = PBXBuildFile; productRef = 69301514294FA82300B2513A /* FacebookLogin */; };
		69301517294FA82300B2513A /* FacebookShare in Frameworks */ = {isa = PBXBuildFile; productRef = 69301516294FA82300B2513A /* FacebookShare */; };
		6985019C2908133E00B4514A /* ProfileViewController.swift in Sources */ = {isa = PBXBuildFile; fileRef = 6985019B2908133E00B4514A /* ProfileViewController.swift */; };
		6985019E2909570A00B4514A /* EditViewController.swift in Sources */ = {isa = PBXBuildFile; fileRef = 6985019D2909570A00B4514A /* EditViewController.swift */; };
		698501A02909591900B4514A /* ViewController.swift in Sources */ = {isa = PBXBuildFile; fileRef = 6985019F2909591900B4514A /* ViewController.swift */; };
		69C107E928A271220098ED04 /* CoreData.xcdatamodeld in Sources */ = {isa = PBXBuildFile; fileRef = 69C107E728A271220098ED04 /* CoreData.xcdatamodeld */; };
		69DF36D228E5A572000F48BD /* SignUpViewController.swift in Sources */ = {isa = PBXBuildFile; fileRef = 69DF36D128E5A572000F48BD /* SignUpViewController.swift */; };
		69DF36D428E9F413000F48BD /* LoginViewController.swift in Sources */ = {isa = PBXBuildFile; fileRef = 69DF36D328E9F413000F48BD /* LoginViewController.swift */; };
		69E1680D28849C0C00FB5ACE /* FavoriteViewController.swift in Sources */ = {isa = PBXBuildFile; fileRef = 69E1680C28849C0B00FB5ACE /* FavoriteViewController.swift */; };
		69E1680F2884B99300FB5ACE /* FavoriteTableViewCell.swift in Sources */ = {isa = PBXBuildFile; fileRef = 69E1680E2884B99300FB5ACE /* FavoriteTableViewCell.swift */; };
		69EC12D62879C92500C7D947 /* AppDelegate.swift in Sources */ = {isa = PBXBuildFile; fileRef = 69EC12D52879C92500C7D947 /* AppDelegate.swift */; };
		69EC12D82879C92500C7D947 /* SceneDelegate.swift in Sources */ = {isa = PBXBuildFile; fileRef = 69EC12D72879C92500C7D947 /* SceneDelegate.swift */; };
		69EC12DD2879C92500C7D947 /* Main.storyboard in Resources */ = {isa = PBXBuildFile; fileRef = 69EC12DB2879C92500C7D947 /* Main.storyboard */; };
		69EC12DF2879C92800C7D947 /* Assets.xcassets in Resources */ = {isa = PBXBuildFile; fileRef = 69EC12DE2879C92800C7D947 /* Assets.xcassets */; };
		69EC12E22879C92800C7D947 /* LaunchScreen.storyboard in Resources */ = {isa = PBXBuildFile; fileRef = 69EC12E02879C92800C7D947 /* LaunchScreen.storyboard */; };
		69EC12EC2879CA7B00C7D947 /* BeerTableViewCell.swift in Sources */ = {isa = PBXBuildFile; fileRef = 69EC12EB2879CA7B00C7D947 /* BeerTableViewCell.swift */; };
		69EC12F02879D2CA00C7D947 /* Model.swift in Sources */ = {isa = PBXBuildFile; fileRef = 69EC12EF2879D2CA00C7D947 /* Model.swift */; };
		69EC12F6287B5FC900C7D947 /* DetailViewController.swift in Sources */ = {isa = PBXBuildFile; fileRef = 69EC12F5287B5FC900C7D947 /* DetailViewController.swift */; };
		69EC12FA287CCF9100C7D947 /* RandomViewController.swift in Sources */ = {isa = PBXBuildFile; fileRef = 69EC12F9287CCF9100C7D947 /* RandomViewController.swift */; };
		EE768144289409B6000FF056 /* Kingfisher in Frameworks */ = {isa = PBXBuildFile; productRef = EE768143289409B6000FF056 /* Kingfisher */; };
		EE945B322902A7A6007DE106 /* Consts.swift in Sources */ = {isa = PBXBuildFile; fileRef = EE945B312902A7A6007DE106 /* Consts.swift */; };
		EE945B342902A90E007DE106 /* Validator.swift in Sources */ = {isa = PBXBuildFile; fileRef = EE945B332902A90E007DE106 /* Validator.swift */; };
/* End PBXBuildFile section */

/* Begin PBXFileReference section */
		6930150E294F94CC00B2513A /* Beer List.entitlements */ = {isa = PBXFileReference; lastKnownFileType = text.plist.entitlements; path = "Beer List.entitlements"; sourceTree = "<group>"; };
		6985019B2908133E00B4514A /* ProfileViewController.swift */ = {isa = PBXFileReference; lastKnownFileType = sourcecode.swift; path = ProfileViewController.swift; sourceTree = "<group>"; };
		6985019D2909570A00B4514A /* EditViewController.swift */ = {isa = PBXFileReference; lastKnownFileType = sourcecode.swift; path = EditViewController.swift; sourceTree = "<group>"; };
		6985019F2909591900B4514A /* ViewController.swift */ = {isa = PBXFileReference; lastKnownFileType = sourcecode.swift; path = ViewController.swift; sourceTree = "<group>"; };
		69C107E828A271220098ED04 /* CoreData.xcdatamodel */ = {isa = PBXFileReference; lastKnownFileType = wrapper.xcdatamodel; path = CoreData.xcdatamodel; sourceTree = "<group>"; };
		69DF36D128E5A572000F48BD /* SignUpViewController.swift */ = {isa = PBXFileReference; lastKnownFileType = sourcecode.swift; path = SignUpViewController.swift; sourceTree = "<group>"; };
		69DF36D328E9F413000F48BD /* LoginViewController.swift */ = {isa = PBXFileReference; lastKnownFileType = sourcecode.swift; path = LoginViewController.swift; sourceTree = "<group>"; };
		69E1680C28849C0B00FB5ACE /* FavoriteViewController.swift */ = {isa = PBXFileReference; lastKnownFileType = sourcecode.swift; path = FavoriteViewController.swift; sourceTree = "<group>"; };
		69E1680E2884B99300FB5ACE /* FavoriteTableViewCell.swift */ = {isa = PBXFileReference; lastKnownFileType = sourcecode.swift; path = FavoriteTableViewCell.swift; sourceTree = "<group>"; };
		69EC12D22879C92500C7D947 /* Beer List.app */ = {isa = PBXFileReference; explicitFileType = wrapper.application; includeInIndex = 0; path = "Beer List.app"; sourceTree = BUILT_PRODUCTS_DIR; };
		69EC12D52879C92500C7D947 /* AppDelegate.swift */ = {isa = PBXFileReference; lastKnownFileType = sourcecode.swift; path = AppDelegate.swift; sourceTree = "<group>"; };
		69EC12D72879C92500C7D947 /* SceneDelegate.swift */ = {isa = PBXFileReference; lastKnownFileType = sourcecode.swift; path = SceneDelegate.swift; sourceTree = "<group>"; };
		69EC12DC2879C92500C7D947 /* Base */ = {isa = PBXFileReference; lastKnownFileType = file.storyboard; name = Base; path = Base.lproj/Main.storyboard; sourceTree = "<group>"; };
		69EC12DE2879C92800C7D947 /* Assets.xcassets */ = {isa = PBXFileReference; lastKnownFileType = folder.assetcatalog; path = Assets.xcassets; sourceTree = "<group>"; };
		69EC12E12879C92800C7D947 /* Base */ = {isa = PBXFileReference; lastKnownFileType = file.storyboard; name = Base; path = Base.lproj/LaunchScreen.storyboard; sourceTree = "<group>"; };
		69EC12E32879C92800C7D947 /* Info.plist */ = {isa = PBXFileReference; lastKnownFileType = text.plist.xml; path = Info.plist; sourceTree = "<group>"; };
		69EC12EB2879CA7B00C7D947 /* BeerTableViewCell.swift */ = {isa = PBXFileReference; lastKnownFileType = sourcecode.swift; path = BeerTableViewCell.swift; sourceTree = "<group>"; };
		69EC12EF2879D2CA00C7D947 /* Model.swift */ = {isa = PBXFileReference; lastKnownFileType = sourcecode.swift; path = Model.swift; sourceTree = "<group>"; };
		69EC12F5287B5FC900C7D947 /* DetailViewController.swift */ = {isa = PBXFileReference; lastKnownFileType = sourcecode.swift; path = DetailViewController.swift; sourceTree = "<group>"; };
		69EC12F9287CCF9100C7D947 /* RandomViewController.swift */ = {isa = PBXFileReference; lastKnownFileType = sourcecode.swift; path = RandomViewController.swift; sourceTree = "<group>"; };
		EE945B312902A7A6007DE106 /* Consts.swift */ = {isa = PBXFileReference; lastKnownFileType = sourcecode.swift; path = Consts.swift; sourceTree = "<group>"; };
		EE945B332902A90E007DE106 /* Validator.swift */ = {isa = PBXFileReference; lastKnownFileType = sourcecode.swift; path = Validator.swift; sourceTree = "<group>"; };
/* End PBXFileReference section */

/* Begin PBXFrameworksBuildPhase section */
		69EC12CF2879C92500C7D947 /* Frameworks */ = {
			isa = PBXFrameworksBuildPhase;
			buildActionMask = 2147483647;
			files = (
				69301515294FA82300B2513A /* FacebookLogin in Frameworks */,
				69301513294FA82300B2513A /* FacebookGamingServices in Frameworks */,
				EE768144289409B6000FF056 /* Kingfisher in Frameworks */,
				69301517294FA82300B2513A /* FacebookShare in Frameworks */,
				69301511294FA82300B2513A /* FacebookCore in Frameworks */,
			);
			runOnlyForDeploymentPostprocessing = 0;
		};
/* End PBXFrameworksBuildPhase section */

/* Begin PBXGroup section */
		69BB62DD287EA9C400FC41A5 /* Model */ = {
			isa = PBXGroup;
			children = (
				69EC12EF2879D2CA00C7D947 /* Model.swift */,
			);
			path = Model;
			sourceTree = "<group>";
		};
		69EC12C92879C92500C7D947 = {
			isa = PBXGroup;
			children = (
				69EC12D42879C92500C7D947 /* Beer List */,
				69EC12D32879C92500C7D947 /* Products */,
			);
			sourceTree = "<group>";
		};
		69EC12D32879C92500C7D947 /* Products */ = {
			isa = PBXGroup;
			children = (
				69EC12D22879C92500C7D947 /* Beer List.app */,
			);
			name = Products;
			sourceTree = "<group>";
		};
		69EC12D42879C92500C7D947 /* Beer List */ = {
			isa = PBXGroup;
			children = (
				6930150E294F94CC00B2513A /* Beer List.entitlements */,
				EE945B332902A90E007DE106 /* Validator.swift */,
				EE945B312902A7A6007DE106 /* Consts.swift */,
				69EC12D52879C92500C7D947 /* AppDelegate.swift */,
				69EC12D72879C92500C7D947 /* SceneDelegate.swift */,
				6985019F2909591900B4514A /* ViewController.swift */,
				69EC12EB2879CA7B00C7D947 /* BeerTableViewCell.swift */,
				69EC12F5287B5FC900C7D947 /* DetailViewController.swift */,
				69EC12F9287CCF9100C7D947 /* RandomViewController.swift */,
				69E1680C28849C0B00FB5ACE /* FavoriteViewController.swift */,
				69E1680E2884B99300FB5ACE /* FavoriteTableViewCell.swift */,
				69DF36D328E9F413000F48BD /* LoginViewController.swift */,
				69DF36D128E5A572000F48BD /* SignUpViewController.swift */,
				6985019B2908133E00B4514A /* ProfileViewController.swift */,
				6985019D2909570A00B4514A /* EditViewController.swift */,
				69BB62DD287EA9C400FC41A5 /* Model */,
				69EC12DB2879C92500C7D947 /* Main.storyboard */,
				69EC12DE2879C92800C7D947 /* Assets.xcassets */,
				69EC12E02879C92800C7D947 /* LaunchScreen.storyboard */,
				69EC12E32879C92800C7D947 /* Info.plist */,
				69C107E728A271220098ED04 /* CoreData.xcdatamodeld */,
			);
			path = "Beer List";
			sourceTree = "<group>";
		};
/* End PBXGroup section */

/* Begin PBXNativeTarget section */
		69EC12D12879C92500C7D947 /* Beer List */ = {
			isa = PBXNativeTarget;
			buildConfigurationList = 69EC12E62879C92800C7D947 /* Build configuration list for PBXNativeTarget "Beer List" */;
			buildPhases = (
				69EC12CE2879C92500C7D947 /* Sources */,
				69EC12CF2879C92500C7D947 /* Frameworks */,
				69EC12D02879C92500C7D947 /* Resources */,
			);
			buildRules = (
			);
			dependencies = (
			);
			name = "Beer List";
			packageProductDependencies = (
				EE768143289409B6000FF056 /* Kingfisher */,
				69301510294FA82300B2513A /* FacebookCore */,
				69301512294FA82300B2513A /* FacebookGamingServices */,
				69301514294FA82300B2513A /* FacebookLogin */,
				69301516294FA82300B2513A /* FacebookShare */,
			);
			productName = "Beer List";
			productReference = 69EC12D22879C92500C7D947 /* Beer List.app */;
			productType = "com.apple.product-type.application";
		};
/* End PBXNativeTarget section */

/* Begin PBXProject section */
		69EC12CA2879C92500C7D947 /* Project object */ = {
			isa = PBXProject;
			attributes = {
				BuildIndependentTargetsInParallel = 1;
				LastSwiftUpdateCheck = 1340;
				LastUpgradeCheck = 1340;
				TargetAttributes = {
					69EC12D12879C92500C7D947 = {
						CreatedOnToolsVersion = 13.4.1;
					};
				};
			};
			buildConfigurationList = 69EC12CD2879C92500C7D947 /* Build configuration list for PBXProject "Beer List" */;
			compatibilityVersion = "Xcode 13.0";
			developmentRegion = en;
			hasScannedForEncodings = 0;
			knownRegions = (
				en,
				Base,
			);
			mainGroup = 69EC12C92879C92500C7D947;
			packageReferences = (
				EE768142289409B5000FF056 /* XCRemoteSwiftPackageReference "Kingfisher" */,
				6930150F294FA82300B2513A /* XCRemoteSwiftPackageReference "facebook-ios-sdk" */,
			);
			productRefGroup = 69EC12D32879C92500C7D947 /* Products */;
			projectDirPath = "";
			projectRoot = "";
			targets = (
				69EC12D12879C92500C7D947 /* Beer List */,
			);
		};
/* End PBXProject section */

/* Begin PBXResourcesBuildPhase section */
		69EC12D02879C92500C7D947 /* Resources */ = {
			isa = PBXResourcesBuildPhase;
			buildActionMask = 2147483647;
			files = (
				69EC12E22879C92800C7D947 /* LaunchScreen.storyboard in Resources */,
				69EC12DF2879C92800C7D947 /* Assets.xcassets in Resources */,
				69EC12DD2879C92500C7D947 /* Main.storyboard in Resources */,
			);
			runOnlyForDeploymentPostprocessing = 0;
		};
/* End PBXResourcesBuildPhase section */

/* Begin PBXSourcesBuildPhase section */
		69EC12CE2879C92500C7D947 /* Sources */ = {
			isa = PBXSourcesBuildPhase;
			buildActionMask = 2147483647;
			files = (
				69DF36D428E9F413000F48BD /* LoginViewController.swift in Sources */,
				69EC12F02879D2CA00C7D947 /* Model.swift in Sources */,
				69EC12D62879C92500C7D947 /* AppDelegate.swift in Sources */,
				EE945B322902A7A6007DE106 /* Consts.swift in Sources */,
				6985019C2908133E00B4514A /* ProfileViewController.swift in Sources */,
				6985019E2909570A00B4514A /* EditViewController.swift in Sources */,
				EE945B342902A90E007DE106 /* Validator.swift in Sources */,
				69C107E928A271220098ED04 /* CoreData.xcdatamodeld in Sources */,
				69EC12D82879C92500C7D947 /* SceneDelegate.swift in Sources */,
				69EC12FA287CCF9100C7D947 /* RandomViewController.swift in Sources */,
				69E1680F2884B99300FB5ACE /* FavoriteTableViewCell.swift in Sources */,
				69DF36D228E5A572000F48BD /* SignUpViewController.swift in Sources */,
				69EC12F6287B5FC900C7D947 /* DetailViewController.swift in Sources */,
				69E1680D28849C0C00FB5ACE /* FavoriteViewController.swift in Sources */,
				698501A02909591900B4514A /* ViewController.swift in Sources */,
				69EC12EC2879CA7B00C7D947 /* BeerTableViewCell.swift in Sources */,
			);
			runOnlyForDeploymentPostprocessing = 0;
		};
/* End PBXSourcesBuildPhase section */

/* Begin PBXVariantGroup section */
		69EC12DB2879C92500C7D947 /* Main.storyboard */ = {
			isa = PBXVariantGroup;
			children = (
				69EC12DC2879C92500C7D947 /* Base */,
			);
			name = Main.storyboard;
			sourceTree = "<group>";
		};
		69EC12E02879C92800C7D947 /* LaunchScreen.storyboard */ = {
			isa = PBXVariantGroup;
			children = (
				69EC12E12879C92800C7D947 /* Base */,
			);
			name = LaunchScreen.storyboard;
			sourceTree = "<group>";
		};
/* End PBXVariantGroup section */

/* Begin XCBuildConfiguration section */
		69EC12E42879C92800C7D947 /* Debug */ = {
			isa = XCBuildConfiguration;
			buildSettings = {
				ALWAYS_SEARCH_USER_PATHS = NO;
				CLANG_ANALYZER_NONNULL = YES;
				CLANG_ANALYZER_NUMBER_OBJECT_CONVERSION = YES_AGGRESSIVE;
				CLANG_CXX_LANGUAGE_STANDARD = "gnu++17";
				CLANG_ENABLE_MODULES = YES;
				CLANG_ENABLE_OBJC_ARC = YES;
				CLANG_ENABLE_OBJC_WEAK = YES;
				CLANG_WARN_BLOCK_CAPTURE_AUTORELEASING = YES;
				CLANG_WARN_BOOL_CONVERSION = YES;
				CLANG_WARN_COMMA = YES;
				CLANG_WARN_CONSTANT_CONVERSION = YES;
				CLANG_WARN_DEPRECATED_OBJC_IMPLEMENTATIONS = YES;
				CLANG_WARN_DIRECT_OBJC_ISA_USAGE = YES_ERROR;
				CLANG_WARN_DOCUMENTATION_COMMENTS = YES;
				CLANG_WARN_EMPTY_BODY = YES;
				CLANG_WARN_ENUM_CONVERSION = YES;
				CLANG_WARN_INFINITE_RECURSION = YES;
				CLANG_WARN_INT_CONVERSION = YES;
				CLANG_WARN_NON_LITERAL_NULL_CONVERSION = YES;
				CLANG_WARN_OBJC_IMPLICIT_RETAIN_SELF = YES;
				CLANG_WARN_OBJC_LITERAL_CONVERSION = YES;
				CLANG_WARN_OBJC_ROOT_CLASS = YES_ERROR;
				CLANG_WARN_QUOTED_INCLUDE_IN_FRAMEWORK_HEADER = YES;
				CLANG_WARN_RANGE_LOOP_ANALYSIS = YES;
				CLANG_WARN_STRICT_PROTOTYPES = YES;
				CLANG_WARN_SUSPICIOUS_MOVE = YES;
				CLANG_WARN_UNGUARDED_AVAILABILITY = YES_AGGRESSIVE;
				CLANG_WARN_UNREACHABLE_CODE = YES;
				CLANG_WARN__DUPLICATE_METHOD_MATCH = YES;
				COPY_PHASE_STRIP = NO;
				DEBUG_INFORMATION_FORMAT = dwarf;
				ENABLE_STRICT_OBJC_MSGSEND = YES;
				ENABLE_TESTABILITY = YES;
				GCC_C_LANGUAGE_STANDARD = gnu11;
				GCC_DYNAMIC_NO_PIC = NO;
				GCC_NO_COMMON_BLOCKS = YES;
				GCC_OPTIMIZATION_LEVEL = 0;
				GCC_PREPROCESSOR_DEFINITIONS = (
					"DEBUG=1",
					"$(inherited)",
				);
				GCC_WARN_64_TO_32_BIT_CONVERSION = YES;
				GCC_WARN_ABOUT_RETURN_TYPE = YES_ERROR;
				GCC_WARN_UNDECLARED_SELECTOR = YES;
				GCC_WARN_UNINITIALIZED_AUTOS = YES_AGGRESSIVE;
				GCC_WARN_UNUSED_FUNCTION = YES;
				GCC_WARN_UNUSED_VARIABLE = YES;
				IPHONEOS_DEPLOYMENT_TARGET = 15.5;
				MTL_ENABLE_DEBUG_INFO = INCLUDE_SOURCE;
				MTL_FAST_MATH = YES;
				ONLY_ACTIVE_ARCH = YES;
				SDKROOT = iphoneos;
				SWIFT_ACTIVE_COMPILATION_CONDITIONS = DEBUG;
				SWIFT_OPTIMIZATION_LEVEL = "-Onone";
			};
			name = Debug;
		};
		69EC12E52879C92800C7D947 /* Release */ = {
			isa = XCBuildConfiguration;
			buildSettings = {
				ALWAYS_SEARCH_USER_PATHS = NO;
				CLANG_ANALYZER_NONNULL = YES;
				CLANG_ANALYZER_NUMBER_OBJECT_CONVERSION = YES_AGGRESSIVE;
				CLANG_CXX_LANGUAGE_STANDARD = "gnu++17";
				CLANG_ENABLE_MODULES = YES;
				CLANG_ENABLE_OBJC_ARC = YES;
				CLANG_ENABLE_OBJC_WEAK = YES;
				CLANG_WARN_BLOCK_CAPTURE_AUTORELEASING = YES;
				CLANG_WARN_BOOL_CONVERSION = YES;
				CLANG_WARN_COMMA = YES;
				CLANG_WARN_CONSTANT_CONVERSION = YES;
				CLANG_WARN_DEPRECATED_OBJC_IMPLEMENTATIONS = YES;
				CLANG_WARN_DIRECT_OBJC_ISA_USAGE = YES_ERROR;
				CLANG_WARN_DOCUMENTATION_COMMENTS = YES;
				CLANG_WARN_EMPTY_BODY = YES;
				CLANG_WARN_ENUM_CONVERSION = YES;
				CLANG_WARN_INFINITE_RECURSION = YES;
				CLANG_WARN_INT_CONVERSION = YES;
				CLANG_WARN_NON_LITERAL_NULL_CONVERSION = YES;
				CLANG_WARN_OBJC_IMPLICIT_RETAIN_SELF = YES;
				CLANG_WARN_OBJC_LITERAL_CONVERSION = YES;
				CLANG_WARN_OBJC_ROOT_CLASS = YES_ERROR;
				CLANG_WARN_QUOTED_INCLUDE_IN_FRAMEWORK_HEADER = YES;
				CLANG_WARN_RANGE_LOOP_ANALYSIS = YES;
				CLANG_WARN_STRICT_PROTOTYPES = YES;
				CLANG_WARN_SUSPICIOUS_MOVE = YES;
				CLANG_WARN_UNGUARDED_AVAILABILITY = YES_AGGRESSIVE;
				CLANG_WARN_UNREACHABLE_CODE = YES;
				CLANG_WARN__DUPLICATE_METHOD_MATCH = YES;
				COPY_PHASE_STRIP = NO;
				DEBUG_INFORMATION_FORMAT = "dwarf-with-dsym";
				ENABLE_NS_ASSERTIONS = NO;
				ENABLE_STRICT_OBJC_MSGSEND = YES;
				GCC_C_LANGUAGE_STANDARD = gnu11;
				GCC_NO_COMMON_BLOCKS = YES;
				GCC_WARN_64_TO_32_BIT_CONVERSION = YES;
				GCC_WARN_ABOUT_RETURN_TYPE = YES_ERROR;
				GCC_WARN_UNDECLARED_SELECTOR = YES;
				GCC_WARN_UNINITIALIZED_AUTOS = YES_AGGRESSIVE;
				GCC_WARN_UNUSED_FUNCTION = YES;
				GCC_WARN_UNUSED_VARIABLE = YES;
				IPHONEOS_DEPLOYMENT_TARGET = 15.5;
				MTL_ENABLE_DEBUG_INFO = NO;
				MTL_FAST_MATH = YES;
				SDKROOT = iphoneos;
				SWIFT_COMPILATION_MODE = wholemodule;
				SWIFT_OPTIMIZATION_LEVEL = "-O";
				VALIDATE_PRODUCT = YES;
			};
			name = Release;
		};
		69EC12E72879C92800C7D947 /* Debug */ = {
			isa = XCBuildConfiguration;
			buildSettings = {
				ASSETCATALOG_COMPILER_APPICON_NAME = AppIcon;
				ASSETCATALOG_COMPILER_GLOBAL_ACCENT_COLOR_NAME = AccentColor;
				CODE_SIGN_ENTITLEMENTS = "Beer List/Beer List.entitlements";
				CODE_SIGN_STYLE = Automatic;
				CURRENT_PROJECT_VERSION = 1;
				GENERATE_INFOPLIST_FILE = YES;
				INFOPLIST_FILE = "Beer List/Info.plist";
				INFOPLIST_KEY_UIApplicationSupportsIndirectInputEvents = YES;
				INFOPLIST_KEY_UILaunchStoryboardName = LaunchScreen;
				INFOPLIST_KEY_UIMainStoryboardFile = Main;
				INFOPLIST_KEY_UISupportedInterfaceOrientations_iPad = "UIInterfaceOrientationPortrait UIInterfaceOrientationPortraitUpsideDown UIInterfaceOrientationLandscapeLeft UIInterfaceOrientationLandscapeRight";
				INFOPLIST_KEY_UISupportedInterfaceOrientations_iPhone = "UIInterfaceOrientationPortrait UIInterfaceOrientationLandscapeLeft UIInterfaceOrientationLandscapeRight";
				IPHONEOS_DEPLOYMENT_TARGET = 15.0;
				LD_RUNPATH_SEARCH_PATHS = (
					"$(inherited)",
					"@executable_path/Frameworks",
				);
				MARKETING_VERSION = 1.0;
				PRODUCT_BUNDLE_IDENTIFIER = "com.beerlist.Beer-List";
				PRODUCT_NAME = "$(TARGET_NAME)";
				SWIFT_EMIT_LOC_STRINGS = YES;
				SWIFT_VERSION = 5.0;
				TARGETED_DEVICE_FAMILY = 1;
			};
			name = Debug;
		};
		69EC12E82879C92800C7D947 /* Release */ = {
			isa = XCBuildConfiguration;
			buildSettings = {
				ASSETCATALOG_COMPILER_APPICON_NAME = AppIcon;
				ASSETCATALOG_COMPILER_GLOBAL_ACCENT_COLOR_NAME = AccentColor;
				CODE_SIGN_ENTITLEMENTS = "Beer List/Beer List.entitlements";
				CODE_SIGN_STYLE = Automatic;
				CURRENT_PROJECT_VERSION = 1;
				GENERATE_INFOPLIST_FILE = YES;
				INFOPLIST_FILE = "Beer List/Info.plist";
				INFOPLIST_KEY_UIApplicationSupportsIndirectInputEvents = YES;
				INFOPLIST_KEY_UILaunchStoryboardName = LaunchScreen;
				INFOPLIST_KEY_UIMainStoryboardFile = Main;
				INFOPLIST_KEY_UISupportedInterfaceOrientations_iPad = "UIInterfaceOrientationPortrait UIInterfaceOrientationPortraitUpsideDown UIInterfaceOrientationLandscapeLeft UIInterfaceOrientationLandscapeRight";
				INFOPLIST_KEY_UISupportedInterfaceOrientations_iPhone = "UIInterfaceOrientationPortrait UIInterfaceOrientationLandscapeLeft UIInterfaceOrientationLandscapeRight";
				IPHONEOS_DEPLOYMENT_TARGET = 15.0;
				LD_RUNPATH_SEARCH_PATHS = (
					"$(inherited)",
					"@executable_path/Frameworks",
				);
				MARKETING_VERSION = 1.0;
				PRODUCT_BUNDLE_IDENTIFIER = "com.beerlist.Beer-List";
				PRODUCT_NAME = "$(TARGET_NAME)";
				SWIFT_EMIT_LOC_STRINGS = YES;
				SWIFT_VERSION = 5.0;
				TARGETED_DEVICE_FAMILY = 1;
			};
			name = Release;
		};
/* End XCBuildConfiguration section */

/* Begin XCConfigurationList section */
		69EC12CD2879C92500C7D947 /* Build configuration list for PBXProject "Beer List" */ = {
			isa = XCConfigurationList;
			buildConfigurations = (
				69EC12E42879C92800C7D947 /* Debug */,
				69EC12E52879C92800C7D947 /* Release */,
			);
			defaultConfigurationIsVisible = 0;
			defaultConfigurationName = Release;
		};
		69EC12E62879C92800C7D947 /* Build configuration list for PBXNativeTarget "Beer List" */ = {
			isa = XCConfigurationList;
			buildConfigurations = (
				69EC12E72879C92800C7D947 /* Debug */,
				69EC12E82879C92800C7D947 /* Release */,
			);
			defaultConfigurationIsVisible = 0;
			defaultConfigurationName = Release;
		};
/* End XCConfigurationList section */

/* Begin XCRemoteSwiftPackageReference section */
		6930150F294FA82300B2513A /* XCRemoteSwiftPackageReference "facebook-ios-sdk" */ = {
			isa = XCRemoteSwiftPackageReference;
			repositoryURL = "https://github.com/facebook/facebook-ios-sdk";
			requirement = {
				kind = upToNextMajorVersion;
				minimumVersion = 9.0.0;
			};
		};
		EE768142289409B5000FF056 /* XCRemoteSwiftPackageReference "Kingfisher" */ = {
			isa = XCRemoteSwiftPackageReference;
			repositoryURL = "https://github.com/onevcat/Kingfisher.git";
			requirement = {
				kind = upToNextMajorVersion;
				minimumVersion = 7.0.0;
			};
		};
/* End XCRemoteSwiftPackageReference section */

/* Begin XCSwiftPackageProductDependency section */
		69301510294FA82300B2513A /* FacebookCore */ = {
			isa = XCSwiftPackageProductDependency;
			package = 6930150F294FA82300B2513A /* XCRemoteSwiftPackageReference "facebook-ios-sdk" */;
			productName = FacebookCore;
		};
		69301512294FA82300B2513A /* FacebookGamingServices */ = {
			isa = XCSwiftPackageProductDependency;
			package = 6930150F294FA82300B2513A /* XCRemoteSwiftPackageReference "facebook-ios-sdk" */;
			productName = FacebookGamingServices;
		};
		69301514294FA82300B2513A /* FacebookLogin */ = {
			isa = XCSwiftPackageProductDependency;
			package = 6930150F294FA82300B2513A /* XCRemoteSwiftPackageReference "facebook-ios-sdk" */;
			productName = FacebookLogin;
		};
		69301516294FA82300B2513A /* FacebookShare */ = {
			isa = XCSwiftPackageProductDependency;
			package = 6930150F294FA82300B2513A /* XCRemoteSwiftPackageReference "facebook-ios-sdk" */;
			productName = FacebookShare;
		};
		EE768143289409B6000FF056 /* Kingfisher */ = {
			isa = XCSwiftPackageProductDependency;
			package = EE768142289409B5000FF056 /* XCRemoteSwiftPackageReference "Kingfisher" */;
			productName = Kingfisher;
		};
/* End XCSwiftPackageProductDependency section */

/* Begin XCVersionGroup section */
		69C107E728A271220098ED04 /* CoreData.xcdatamodeld */ = {
			isa = XCVersionGroup;
			children = (
				69C107E828A271220098ED04 /* CoreData.xcdatamodel */,
			);
			currentVersion = 69C107E828A271220098ED04 /* CoreData.xcdatamodel */;
			path = CoreData.xcdatamodeld;
			sourceTree = "<group>";
			versionGroupType = wrapper.xcdatamodel;
		};
/* End XCVersionGroup section */
	};
	rootObject = 69EC12CA2879C92500C7D947 /* Project object */;
}
